// !$*UTF8*$!
{
	archiveVersion = 1;
	classes = {
	};
	objectVersion = 50;
	objects = {

/* Begin PBXBuildFile section */
		71566D40240E427000632725 /* AppDelegate.swift in Sources */ = {isa = PBXBuildFile; fileRef = 71566D3F240E427000632725 /* AppDelegate.swift */; };
		71566D42240E427000632725 /* SceneDelegate.swift in Sources */ = {isa = PBXBuildFile; fileRef = 71566D41240E427000632725 /* SceneDelegate.swift */; };
		71566D44240E427000632725 /* ViewController.swift in Sources */ = {isa = PBXBuildFile; fileRef = 71566D43240E427000632725 /* ViewController.swift */; };
		71566D47240E427000632725 /* Main.storyboard in Resources */ = {isa = PBXBuildFile; fileRef = 71566D45240E427000632725 /* Main.storyboard */; };
		71566D49240E427200632725 /* Assets.xcassets in Resources */ = {isa = PBXBuildFile; fileRef = 71566D48240E427200632725 /* Assets.xcassets */; };
		71566D4C240E427200632725 /* LaunchScreen.storyboard in Resources */ = {isa = PBXBuildFile; fileRef = 71566D4A240E427200632725 /* LaunchScreen.storyboard */; };
		71566D57240E427200632725 /* walletDemoTests.swift in Sources */ = {isa = PBXBuildFile; fileRef = 71566D56240E427200632725 /* walletDemoTests.swift */; };
		71566D62240E427200632725 /* walletDemoUITests.swift in Sources */ = {isa = PBXBuildFile; fileRef = 71566D61240E427200632725 /* walletDemoUITests.swift */; };
		7179EE1D241109AF00EEB69B /* Gomobile4wallet.framework in Frameworks */ = {isa = PBXBuildFile; fileRef = 7179EE1C241109AF00EEB69B /* Gomobile4wallet.framework */; };
/* End PBXBuildFile section */

/* Begin PBXContainerItemProxy section */
		71566D53240E427200632725 /* PBXContainerItemProxy */ = {
			isa = PBXContainerItemProxy;
			containerPortal = 71566D34240E427000632725 /* Project object */;
			proxyType = 1;
			remoteGlobalIDString = 71566D3B240E427000632725;
			remoteInfo = walletDemo;
		};
		71566D5E240E427200632725 /* PBXContainerItemProxy */ = {
			isa = PBXContainerItemProxy;
			containerPortal = 71566D34240E427000632725 /* Project object */;
			proxyType = 1;
			remoteGlobalIDString = 71566D3B240E427000632725;
			remoteInfo = walletDemo;
		};
/* End PBXContainerItemProxy section */

/* Begin PBXFileReference section */
		71566D3C240E427000632725 /* walletDemo.app */ = {isa = PBXFileReference; explicitFileType = wrapper.application; includeInIndex = 0; path = walletDemo.app; sourceTree = BUILT_PRODUCTS_DIR; };
		71566D3F240E427000632725 /* AppDelegate.swift */ = {isa = PBXFileReference; lastKnownFileType = sourcecode.swift; path = AppDelegate.swift; sourceTree = "<group>"; };
		71566D41240E427000632725 /* SceneDelegate.swift */ = {isa = PBXFileReference; lastKnownFileType = sourcecode.swift; path = SceneDelegate.swift; sourceTree = "<group>"; };
		71566D43240E427000632725 /* ViewController.swift */ = {isa = PBXFileReference; lastKnownFileType = sourcecode.swift; path = ViewController.swift; sourceTree = "<group>"; };
		71566D46240E427000632725 /* Base */ = {isa = PBXFileReference; lastKnownFileType = file.storyboard; name = Base; path = Base.lproj/Main.storyboard; sourceTree = "<group>"; };
		71566D48240E427200632725 /* Assets.xcassets */ = {isa = PBXFileReference; lastKnownFileType = folder.assetcatalog; path = Assets.xcassets; sourceTree = "<group>"; };
		71566D4B240E427200632725 /* Base */ = {isa = PBXFileReference; lastKnownFileType = file.storyboard; name = Base; path = Base.lproj/LaunchScreen.storyboard; sourceTree = "<group>"; };
		71566D4D240E427200632725 /* Info.plist */ = {isa = PBXFileReference; lastKnownFileType = text.plist.xml; path = Info.plist; sourceTree = "<group>"; };
		71566D52240E427200632725 /* walletDemoTests.xctest */ = {isa = PBXFileReference; explicitFileType = wrapper.cfbundle; includeInIndex = 0; path = walletDemoTests.xctest; sourceTree = BUILT_PRODUCTS_DIR; };
		71566D56240E427200632725 /* walletDemoTests.swift */ = {isa = PBXFileReference; lastKnownFileType = sourcecode.swift; path = walletDemoTests.swift; sourceTree = "<group>"; };
		71566D58240E427200632725 /* Info.plist */ = {isa = PBXFileReference; lastKnownFileType = text.plist.xml; path = Info.plist; sourceTree = "<group>"; };
		71566D5D240E427200632725 /* walletDemoUITests.xctest */ = {isa = PBXFileReference; explicitFileType = wrapper.cfbundle; includeInIndex = 0; path = walletDemoUITests.xctest; sourceTree = BUILT_PRODUCTS_DIR; };
		71566D61240E427200632725 /* walletDemoUITests.swift */ = {isa = PBXFileReference; lastKnownFileType = sourcecode.swift; path = walletDemoUITests.swift; sourceTree = "<group>"; };
		71566D63240E427200632725 /* Info.plist */ = {isa = PBXFileReference; lastKnownFileType = text.plist.xml; path = Info.plist; sourceTree = "<group>"; };
		7179EE1C241109AF00EEB69B /* Gomobile4wallet.framework */ = {isa = PBXFileReference; lastKnownFileType = wrapper.framework; path = Gomobile4wallet.framework; sourceTree = "<group>"; };
/* End PBXFileReference section */

/* Begin PBXFrameworksBuildPhase section */
		71566D39240E427000632725 /* Frameworks */ = {
			isa = PBXFrameworksBuildPhase;
			buildActionMask = 2147483647;
			files = (
				7179EE1D241109AF00EEB69B /* Gomobile4wallet.framework in Frameworks */,
			);
			runOnlyForDeploymentPostprocessing = 0;
		};
		71566D4F240E427200632725 /* Frameworks */ = {
			isa = PBXFrameworksBuildPhase;
			buildActionMask = 2147483647;
			files = (
			);
			runOnlyForDeploymentPostprocessing = 0;
		};
		71566D5A240E427200632725 /* Frameworks */ = {
			isa = PBXFrameworksBuildPhase;
			buildActionMask = 2147483647;
			files = (
			);
			runOnlyForDeploymentPostprocessing = 0;
		};
/* End PBXFrameworksBuildPhase section */

/* Begin PBXGroup section */
		71566D33240E427000632725 = {
			isa = PBXGroup;
			children = (
				7179EE1C241109AF00EEB69B /* Gomobile4wallet.framework */,
				71566D3E240E427000632725 /* walletDemo */,
				71566D55240E427200632725 /* walletDemoTests */,
				71566D60240E427200632725 /* walletDemoUITests */,
				71566D3D240E427000632725 /* Products */,
			);
			sourceTree = "<group>";
		};
		71566D3D240E427000632725 /* Products */ = {
			isa = PBXGroup;
			children = (
				71566D3C240E427000632725 /* walletDemo.app */,
				71566D52240E427200632725 /* walletDemoTests.xctest */,
				71566D5D240E427200632725 /* walletDemoUITests.xctest */,
			);
			name = Products;
			sourceTree = "<group>";
		};
		71566D3E240E427000632725 /* walletDemo */ = {
			isa = PBXGroup;
			children = (
				71566D3F240E427000632725 /* AppDelegate.swift */,
				71566D41240E427000632725 /* SceneDelegate.swift */,
				71566D43240E427000632725 /* ViewController.swift */,
				71566D45240E427000632725 /* Main.storyboard */,
				71566D48240E427200632725 /* Assets.xcassets */,
				71566D4A240E427200632725 /* LaunchScreen.storyboard */,
				71566D4D240E427200632725 /* Info.plist */,
			);
			path = walletDemo;
			sourceTree = "<group>";
		};
		71566D55240E427200632725 /* walletDemoTests */ = {
			isa = PBXGroup;
			children = (
				71566D56240E427200632725 /* walletDemoTests.swift */,
				71566D58240E427200632725 /* Info.plist */,
			);
			path = walletDemoTests;
			sourceTree = "<group>";
		};
		71566D60240E427200632725 /* walletDemoUITests */ = {
			isa = PBXGroup;
			children = (
				71566D61240E427200632725 /* walletDemoUITests.swift */,
				71566D63240E427200632725 /* Info.plist */,
			);
			path = walletDemoUITests;
			sourceTree = "<group>";
		};
/* End PBXGroup section */

/* Begin PBXNativeTarget section */
		71566D3B240E427000632725 /* walletDemo */ = {
			isa = PBXNativeTarget;
			buildConfigurationList = 71566D66240E427200632725 /* Build configuration list for PBXNativeTarget "walletDemo" */;
			buildPhases = (
				71566D38240E427000632725 /* Sources */,
				71566D39240E427000632725 /* Frameworks */,
				71566D3A240E427000632725 /* Resources */,
			);
			buildRules = (
			);
			dependencies = (
			);
			name = walletDemo;
			productName = walletDemo;
			productReference = 71566D3C240E427000632725 /* walletDemo.app */;
			productType = "com.apple.product-type.application";
		};
		71566D51240E427200632725 /* walletDemoTests */ = {
			isa = PBXNativeTarget;
			buildConfigurationList = 71566D69240E427200632725 /* Build configuration list for PBXNativeTarget "walletDemoTests" */;
			buildPhases = (
				71566D4E240E427200632725 /* Sources */,
				71566D4F240E427200632725 /* Frameworks */,
				71566D50240E427200632725 /* Resources */,
			);
			buildRules = (
			);
			dependencies = (
				71566D54240E427200632725 /* PBXTargetDependency */,
			);
			name = walletDemoTests;
			productName = walletDemoTests;
			productReference = 71566D52240E427200632725 /* walletDemoTests.xctest */;
			productType = "com.apple.product-type.bundle.unit-test";
		};
		71566D5C240E427200632725 /* walletDemoUITests */ = {
			isa = PBXNativeTarget;
			buildConfigurationList = 71566D6C240E427200632725 /* Build configuration list for PBXNativeTarget "walletDemoUITests" */;
			buildPhases = (
				71566D59240E427200632725 /* Sources */,
				71566D5A240E427200632725 /* Frameworks */,
				71566D5B240E427200632725 /* Resources */,
			);
			buildRules = (
			);
			dependencies = (
				71566D5F240E427200632725 /* PBXTargetDependency */,
			);
			name = walletDemoUITests;
			productName = walletDemoUITests;
			productReference = 71566D5D240E427200632725 /* walletDemoUITests.xctest */;
			productType = "com.apple.product-type.bundle.ui-testing";
		};
/* End PBXNativeTarget section */

/* Begin PBXProject section */
		71566D34240E427000632725 /* Project object */ = {
			isa = PBXProject;
			attributes = {
				LastSwiftUpdateCheck = 1130;
				LastUpgradeCheck = 1130;
				ORGANIZATIONNAME = Machvision;
				TargetAttributes = {
					71566D3B240E427000632725 = {
						CreatedOnToolsVersion = 11.3.1;
					};
					71566D51240E427200632725 = {
						CreatedOnToolsVersion = 11.3.1;
						TestTargetID = 71566D3B240E427000632725;
					};
					71566D5C240E427200632725 = {
						CreatedOnToolsVersion = 11.3.1;
						TestTargetID = 71566D3B240E427000632725;
					};
				};
			};
			buildConfigurationList = 71566D37240E427000632725 /* Build configuration list for PBXProject "walletDemo" */;
			compatibilityVersion = "Xcode 9.3";
			developmentRegion = en;
			hasScannedForEncodings = 0;
			knownRegions = (
				en,
				Base,
			);
			mainGroup = 71566D33240E427000632725;
			productRefGroup = 71566D3D240E427000632725 /* Products */;
			projectDirPath = "";
			projectRoot = "";
			targets = (
				71566D3B240E427000632725 /* walletDemo */,
				71566D51240E427200632725 /* walletDemoTests */,
				71566D5C240E427200632725 /* walletDemoUITests */,
			);
		};
/* End PBXProject section */

/* Begin PBXResourcesBuildPhase section */
		71566D3A240E427000632725 /* Resources */ = {
			isa = PBXResourcesBuildPhase;
			buildActionMask = 2147483647;
			files = (
				71566D4C240E427200632725 /* LaunchScreen.storyboard in Resources */,
				71566D49240E427200632725 /* Assets.xcassets in Resources */,
				71566D47240E427000632725 /* Main.storyboard in Resources */,
			);
			runOnlyForDeploymentPostprocessing = 0;
		};
		71566D50240E427200632725 /* Resources */ = {
			isa = PBXResourcesBuildPhase;
			buildActionMask = 2147483647;
			files = (
			);
			runOnlyForDeploymentPostprocessing = 0;
		};
		71566D5B240E427200632725 /* Resources */ = {
			isa = PBXResourcesBuildPhase;
			buildActionMask = 2147483647;
			files = (
			);
			runOnlyForDeploymentPostprocessing = 0;
		};
/* End PBXResourcesBuildPhase section */

/* Begin PBXSourcesBuildPhase section */
		71566D38240E427000632725 /* Sources */ = {
			isa = PBXSourcesBuildPhase;
			buildActionMask = 2147483647;
			files = (
				71566D44240E427000632725 /* ViewController.swift in Sources */,
				71566D40240E427000632725 /* AppDelegate.swift in Sources */,
				71566D42240E427000632725 /* SceneDelegate.swift in Sources */,
			);
			runOnlyForDeploymentPostprocessing = 0;
		};
		71566D4E240E427200632725 /* Sources */ = {
			isa = PBXSourcesBuildPhase;
			buildActionMask = 2147483647;
			files = (
				71566D57240E427200632725 /* walletDemoTests.swift in Sources */,
			);
			runOnlyForDeploymentPostprocessing = 0;
		};
		71566D59240E427200632725 /* Sources */ = {
			isa = PBXSourcesBuildPhase;
			buildActionMask = 2147483647;
			files = (
				71566D62240E427200632725 /* walletDemoUITests.swift in Sources */,
			);
			runOnlyForDeploymentPostprocessing = 0;
		};
/* End PBXSourcesBuildPhase section */

/* Begin PBXTargetDependency section */
		71566D54240E427200632725 /* PBXTargetDependency */ = {
			isa = PBXTargetDependency;
			target = 71566D3B240E427000632725 /* walletDemo */;
			targetProxy = 71566D53240E427200632725 /* PBXContainerItemProxy */;
		};
		71566D5F240E427200632725 /* PBXTargetDependency */ = {
			isa = PBXTargetDependency;
			target = 71566D3B240E427000632725 /* walletDemo */;
			targetProxy = 71566D5E240E427200632725 /* PBXContainerItemProxy */;
		};
/* End PBXTargetDependency section */

/* Begin PBXVariantGroup section */
		71566D45240E427000632725 /* Main.storyboard */ = {
			isa = PBXVariantGroup;
			children = (
				71566D46240E427000632725 /* Base */,
			);
			name = Main.storyboard;
			sourceTree = "<group>";
		};
		71566D4A240E427200632725 /* LaunchScreen.storyboard */ = {
			isa = PBXVariantGroup;
			children = (
				71566D4B240E427200632725 /* Base */,
			);
			name = LaunchScreen.storyboard;
			sourceTree = "<group>";
		};
/* End PBXVariantGroup section */

/* Begin XCBuildConfiguration section */
		71566D64240E427200632725 /* Debug */ = {
			isa = XCBuildConfiguration;
			buildSettings = {
				ALWAYS_SEARCH_USER_PATHS = NO;
				CLANG_ANALYZER_NONNULL = YES;
				CLANG_ANALYZER_NUMBER_OBJECT_CONVERSION = YES_AGGRESSIVE;
				CLANG_CXX_LANGUAGE_STANDARD = "gnu++14";
				CLANG_CXX_LIBRARY = "libc++";
				CLANG_ENABLE_MODULES = YES;
				CLANG_ENABLE_OBJC_ARC = YES;
				CLANG_ENABLE_OBJC_WEAK = YES;
				CLANG_WARN_BLOCK_CAPTURE_AUTORELEASING = YES;
				CLANG_WARN_BOOL_CONVERSION = YES;
				CLANG_WARN_COMMA = YES;
				CLANG_WARN_CONSTANT_CONVERSION = YES;
				CLANG_WARN_DEPRECATED_OBJC_IMPLEMENTATIONS = YES;
				CLANG_WARN_DIRECT_OBJC_ISA_USAGE = YES_ERROR;
				CLANG_WARN_DOCUMENTATION_COMMENTS = YES;
				CLANG_WARN_EMPTY_BODY = YES;
				CLANG_WARN_ENUM_CONVERSION = YES;
				CLANG_WARN_INFINITE_RECURSION = YES;
				CLANG_WARN_INT_CONVERSION = YES;
				CLANG_WARN_NON_LITERAL_NULL_CONVERSION = YES;
				CLANG_WARN_OBJC_IMPLICIT_RETAIN_SELF = YES;
				CLANG_WARN_OBJC_LITERAL_CONVERSION = YES;
				CLANG_WARN_OBJC_ROOT_CLASS = YES_ERROR;
				CLANG_WARN_RANGE_LOOP_ANALYSIS = YES;
				CLANG_WARN_STRICT_PROTOTYPES = YES;
				CLANG_WARN_SUSPICIOUS_MOVE = YES;
				CLANG_WARN_UNGUARDED_AVAILABILITY = YES_AGGRESSIVE;
				CLANG_WARN_UNREACHABLE_CODE = YES;
				CLANG_WARN__DUPLICATE_METHOD_MATCH = YES;
				COPY_PHASE_STRIP = NO;
				DEBUG_INFORMATION_FORMAT = dwarf;
				ENABLE_STRICT_OBJC_MSGSEND = YES;
				ENABLE_TESTABILITY = YES;
				GCC_C_LANGUAGE_STANDARD = gnu11;
				GCC_DYNAMIC_NO_PIC = NO;
				GCC_NO_COMMON_BLOCKS = YES;
				GCC_OPTIMIZATION_LEVEL = 0;
				GCC_PREPROCESSOR_DEFINITIONS = (
					"DEBUG=1",
					"$(inherited)",
				);
				GCC_WARN_64_TO_32_BIT_CONVERSION = YES;
				GCC_WARN_ABOUT_RETURN_TYPE = YES_ERROR;
				GCC_WARN_UNDECLARED_SELECTOR = YES;
				GCC_WARN_UNINITIALIZED_AUTOS = YES_AGGRESSIVE;
				GCC_WARN_UNUSED_FUNCTION = YES;
				GCC_WARN_UNUSED_VARIABLE = YES;
				IPHONEOS_DEPLOYMENT_TARGET = 13.2;
				MTL_ENABLE_DEBUG_INFO = INCLUDE_SOURCE;
				MTL_FAST_MATH = YES;
				ONLY_ACTIVE_ARCH = YES;
				SDKROOT = iphoneos;
				SWIFT_ACTIVE_COMPILATION_CONDITIONS = DEBUG;
				SWIFT_OPTIMIZATION_LEVEL = "-Onone";
			};
			name = Debug;
		};
		71566D65240E427200632725 /* Release */ = {
			isa = XCBuildConfiguration;
			buildSettings = {
				ALWAYS_SEARCH_USER_PATHS = NO;
				CLANG_ANALYZER_NONNULL = YES;
				CLANG_ANALYZER_NUMBER_OBJECT_CONVERSION = YES_AGGRESSIVE;
				CLANG_CXX_LANGUAGE_STANDARD = "gnu++14";
				CLANG_CXX_LIBRARY = "libc++";
				CLANG_ENABLE_MODULES = YES;
				CLANG_ENABLE_OBJC_ARC = YES;
				CLANG_ENABLE_OBJC_WEAK = YES;
				CLANG_WARN_BLOCK_CAPTURE_AUTORELEASING = YES;
				CLANG_WARN_BOOL_CONVERSION = YES;
				CLANG_WARN_COMMA = YES;
				CLANG_WARN_CONSTANT_CONVERSION = YES;
				CLANG_WARN_DEPRECATED_OBJC_IMPLEMENTATIONS = YES;
				CLANG_WARN_DIRECT_OBJC_ISA_USAGE = YES_ERROR;
				CLANG_WARN_DOCUMENTATION_COMMENTS = YES;
				CLANG_WARN_EMPTY_BODY = YES;
				CLANG_WARN_ENUM_CONVERSION = YES;
				CLANG_WARN_INFINITE_RECURSION = YES;
				CLANG_WARN_INT_CONVERSION = YES;
				CLANG_WARN_NON_LITERAL_NULL_CONVERSION = YES;
				CLANG_WARN_OBJC_IMPLICIT_RETAIN_SELF = YES;
				CLANG_WARN_OBJC_LITERAL_CONVERSION = YES;
				CLANG_WARN_OBJC_ROOT_CLASS = YES_ERROR;
				CLANG_WARN_RANGE_LOOP_ANALYSIS = YES;
				CLANG_WARN_STRICT_PROTOTYPES = YES;
				CLANG_WARN_SUSPICIOUS_MOVE = YES;
				CLANG_WARN_UNGUARDED_AVAILABILITY = YES_AGGRESSIVE;
				CLANG_WARN_UNREACHABLE_CODE = YES;
				CLANG_WARN__DUPLICATE_METHOD_MATCH = YES;
				COPY_PHASE_STRIP = NO;
				DEBUG_INFORMATION_FORMAT = "dwarf-with-dsym";
				ENABLE_NS_ASSERTIONS = NO;
				ENABLE_STRICT_OBJC_MSGSEND = YES;
				GCC_C_LANGUAGE_STANDARD = gnu11;
				GCC_NO_COMMON_BLOCKS = YES;
				GCC_WARN_64_TO_32_BIT_CONVERSION = YES;
				GCC_WARN_ABOUT_RETURN_TYPE = YES_ERROR;
				GCC_WARN_UNDECLARED_SELECTOR = YES;
				GCC_WARN_UNINITIALIZED_AUTOS = YES_AGGRESSIVE;
				GCC_WARN_UNUSED_FUNCTION = YES;
				GCC_WARN_UNUSED_VARIABLE = YES;
				IPHONEOS_DEPLOYMENT_TARGET = 13.2;
				MTL_ENABLE_DEBUG_INFO = NO;
				MTL_FAST_MATH = YES;
				SDKROOT = iphoneos;
				SWIFT_COMPILATION_MODE = wholemodule;
				SWIFT_OPTIMIZATION_LEVEL = "-O";
				VALIDATE_PRODUCT = YES;
			};
			name = Release;
		};
		71566D67240E427200632725 /* Debug */ = {
			isa = XCBuildConfiguration;
			buildSettings = {
				ASSETCATALOG_COMPILER_APPICON_NAME = AppIcon;
				CODE_SIGN_STYLE = Automatic;
				DEVELOPMENT_TEAM = Z475T8YRZ2;
				FRAMEWORK_SEARCH_PATHS = (
					"$(inherited)",
					"$(PROJECT_DIR)",
				);
				INFOPLIST_FILE = walletDemo/Info.plist;
				LD_RUNPATH_SEARCH_PATHS = (
					"$(inherited)",
					"@executable_path/Frameworks",
				);
				PRODUCT_BUNDLE_IDENTIFIER = io.redpay.walletDemo;
				PRODUCT_NAME = "$(TARGET_NAME)";
				SWIFT_VERSION = 5.0;
				TARGETED_DEVICE_FAMILY = "1,2";
			};
			name = Debug;
		};
		71566D68240E427200632725 /* Release */ = {
			isa = XCBuildConfiguration;
			buildSettings = {
				ASSETCATALOG_COMPILER_APPICON_NAME = AppIcon;
				CODE_SIGN_STYLE = Automatic;
				DEVELOPMENT_TEAM = Z475T8YRZ2;
				FRAMEWORK_SEARCH_PATHS = (
					"$(inherited)",
					"$(PROJECT_DIR)",
				);
				INFOPLIST_FILE = walletDemo/Info.plist;
				LD_RUNPATH_SEARCH_PATHS = (
					"$(inherited)",
					"@executable_path/Frameworks",
				);
				PRODUCT_BUNDLE_IDENTIFIER = io.redpay.walletDemo;
				PRODUCT_NAME = "$(TARGET_NAME)";
				SWIFT_VERSION = 5.0;
				TARGETED_DEVICE_FAMILY = "1,2";
			};
			name = Release;
		};
		71566D6A240E427200632725 /* Debug */ = {
			isa = XCBuildConfiguration;
			buildSettings = {
				ALWAYS_EMBED_SWIFT_STANDARD_LIBRARIES = YES;
				BUNDLE_LOADER = "$(TEST_HOST)";
				CODE_SIGN_STYLE = Automatic;
				DEVELOPMENT_TEAM = Z475T8YRZ2;
				INFOPLIST_FILE = walletDemoTests/Info.plist;
				IPHONEOS_DEPLOYMENT_TARGET = 13.2;
				LD_RUNPATH_SEARCH_PATHS = (
					"$(inherited)",
					"@executable_path/Frameworks",
					"@loader_path/Frameworks",
				);
				PRODUCT_BUNDLE_IDENTIFIER = io.redpay.walletDemoTests;
				PRODUCT_NAME = "$(TARGET_NAME)";
				SWIFT_VERSION = 5.0;
				TARGETED_DEVICE_FAMILY = "1,2";
				TEST_HOST = "$(BUILT_PRODUCTS_DIR)/walletDemo.app/walletDemo";
			};
			name = Debug;
		};
		71566D6B240E427200632725 /* Release */ = {
			isa = XCBuildConfiguration;
			buildSettings = {
				ALWAYS_EMBED_SWIFT_STANDARD_LIBRARIES = YES;
				BUNDLE_LOADER = "$(TEST_HOST)";
				CODE_SIGN_STYLE = Automatic;
				DEVELOPMENT_TEAM = Z475T8YRZ2;
				INFOPLIST_FILE = walletDemoTests/Info.plist;
				IPHONEOS_DEPLOYMENT_TARGET = 13.2;
				LD_RUNPATH_SEARCH_PATHS = (
					"$(inherited)",
					"@executable_path/Frameworks",
					"@loader_path/Frameworks",
				);
				PRODUCT_BUNDLE_IDENTIFIER = io.redpay.walletDemoTests;
				PRODUCT_NAME = "$(TARGET_NAME)";
				SWIFT_VERSION = 5.0;
				TARGETED_DEVICE_FAMILY = "1,2";
				TEST_HOST = "$(BUILT_PRODUCTS_DIR)/walletDemo.app/walletDemo";
			};
			name = Release;
		};
		71566D6D240E427200632725 /* Debug */ = {
			isa = XCBuildConfiguration;
			buildSettings = {
				ALWAYS_EMBED_SWIFT_STANDARD_LIBRARIES = YES;
				CODE_SIGN_STYLE = Automatic;
				DEVELOPMENT_TEAM = Z475T8YRZ2;
				INFOPLIST_FILE = walletDemoUITests/Info.plist;
				LD_RUNPATH_SEARCH_PATHS = (
					"$(inherited)",
					"@executable_path/Frameworks",
					"@loader_path/Frameworks",
				);
				PRODUCT_BUNDLE_IDENTIFIER = io.redpay.walletDemoUITests;
				PRODUCT_NAME = "$(TARGET_NAME)";
				SWIFT_VERSION = 5.0;
				TARGETED_DEVICE_FAMILY = "1,2";
				TEST_TARGET_NAME = walletDemo;
			};
			name = Debug;
		};
		71566D6E240E427200632725 /* Release */ = {
			isa = XCBuildConfiguration;
			buildSettings = {
				ALWAYS_EMBED_SWIFT_STANDARD_LIBRARIES = YES;
				CODE_SIGN_STYLE = Automatic;
				DEVELOPMENT_TEAM = Z475T8YRZ2;
				INFOPLIST_FILE = walletDemoUITests/Info.plist;
				LD_RUNPATH_SEARCH_PATHS = (
					"$(inherited)",
					"@executable_path/Frameworks",
					"@loader_path/Frameworks",
				);
				PRODUCT_BUNDLE_IDENTIFIER = io.redpay.walletDemoUITests;
				PRODUCT_NAME = "$(TARGET_NAME)";
				SWIFT_VERSION = 5.0;
				TARGETED_DEVICE_FAMILY = "1,2";
				TEST_TARGET_NAME = walletDemo;
			};
			name = Release;
		};
/* End XCBuildConfiguration section */

/* Begin XCConfigurationList section */
		71566D37240E427000632725 /* Build configuration list for PBXProject "walletDemo" */ = {
			isa = XCConfigurationList;
			buildConfigurations = (
				71566D64240E427200632725 /* Debug */,
				71566D65240E427200632725 /* Release */,
			);
			defaultConfigurationIsVisible = 0;
			defaultConfigurationName = Release;
		};
		71566D66240E427200632725 /* Build configuration list for PBXNativeTarget "walletDemo" */ = {
			isa = XCConfigurationList;
			buildConfigurations = (
				71566D67240E427200632725 /* Debug */,
				71566D68240E427200632725 /* Release */,
			);
			defaultConfigurationIsVisible = 0;
			defaultConfigurationName = Release;
		};
		71566D69240E427200632725 /* Build configuration list for PBXNativeTarget "walletDemoTests" */ = {
			isa = XCConfigurationList;
			buildConfigurations = (
				71566D6A240E427200632725 /* Debug */,
				71566D6B240E427200632725 /* Release */,
			);
			defaultConfigurationIsVisible = 0;
			defaultConfigurationName = Release;
		};
		71566D6C240E427200632725 /* Build configuration list for PBXNativeTarget "walletDemoUITests" */ = {
			isa = XCConfigurationList;
			buildConfigurations = (
				71566D6D240E427200632725 /* Debug */,
				71566D6E240E427200632725 /* Release */,
			);
			defaultConfigurationIsVisible = 0;
			defaultConfigurationName = Release;
		};
/* End XCConfigurationList section */
	};
	rootObject = 71566D34240E427000632725 /* Project object */;
}
